
Microsoft Visual Studio Solution File, Format Version 12.00
# Visual Studio Version 17
VisualStudioVersion = 17.5.33516.290
MinimumVisualStudioVersion = 10.0.40219.1
Project("{2150E333-8FDC-42A3-9474-1A3956D46DE8}") = "Services", "Services", "{82DE37DF-F418-47AE-9C57-FE7D9D8C215B}"
EndProject
Project("{2150E333-8FDC-42A3-9474-1A3956D46DE8}") = "Infrastructure", "Infrastructure", "{201B1003-8F8D-4694-A9FD-028C06E2922B}"
EndProject
Project("{2150E333-8FDC-42A3-9474-1A3956D46DE8}") = "Core", "Core", "{36065511-46BB-4D16-8C3F-BF6F0DD024C3}"
EndProject
Project("{9A19103F-16F7-4668-BE54-9A1E7A4F7556}") = "PathDev.Services.CatalogService", "Services\PathDev.Services.CatalogService\PathDev.Services.CatalogService.csproj", "{AEEE143A-42E4-44CA-A30F-943C8BF275B8}"
EndProject
Project("{9A19103F-16F7-4668-BE54-9A1E7A4F7556}") = "PathDev.Services.OrderService", "Services\PathDev.Services.OrderService\PathDev.Services.OrderService.csproj", "{9AFEA63F-5E13-4023-B5E2-6495A31613A9}"
EndProject
Project("{9A19103F-16F7-4668-BE54-9A1E7A4F7556}") = "PathDev.Services.LoginService", "Services\PathDev.Services.LoginService\PathDev.Services.LoginService.csproj", "{C125B4EE-D585-4C01-8ABA-606078B02E06}"
EndProject
Project("{9A19103F-16F7-4668-BE54-9A1E7A4F7556}") = "PathDev.Services.CartService", "Services\PathDev.Services.CartService\PathDev.Services.CartService.csproj", "{0F9A64AB-5183-4FEF-9B73-96570219A953}"
EndProject
Project("{9A19103F-16F7-4668-BE54-9A1E7A4F7556}") = "PathDev.Infrastructure.DataAccess", "Infrastructure\PathDev.Infrastructure.DataAccess\PathDev.Infrastructure.DataAccess.csproj", "{0261271B-C5A1-4A81-9CDC-A26DAAD92026}"
EndProject
Project("{9A19103F-16F7-4668-BE54-9A1E7A4F7556}") = "PathDev.Core.Model", "Core\PathDev.Core.Model\PathDev.Core.Model.csproj", "{E3CC3411-DCDA-4F70-B4F1-8BA9527A7B80}"
EndProject
Project("{2150E333-8FDC-42A3-9474-1A3956D46DE8}") = "Console", "Console", "{353BBB75-99C5-499B-8BCC-F562A5446AC5}"
EndProject
Project("{9A19103F-16F7-4668-BE54-9A1E7A4F7556}") = "PathDev.Console.RabbitMQConsumer", "Console\PathDev.Console.RabbitMQConsumer\PathDev.Console.RabbitMQConsumer.csproj", "{2710DC05-94A3-4F51-9861-ED18151D5179}"
EndProject
Project("{2150E333-8FDC-42A3-9474-1A3956D46DE8}") = "ApiGateway", "ApiGateway", "{541275F1-BF3D-4BBD-85AB-D3B92E09275D}"
EndProject
Project("{9A19103F-16F7-4668-BE54-9A1E7A4F7556}") = "PathDev.ApiGateway.OcelotApiGw", "ApiGateway\PathDev.ApiGateway.OcelotApiGw\PathDev.ApiGateway.OcelotApiGw.csproj", "{8F3DF4E8-893F-4A4A-B7AB-1A3B41B4F194}"
EndProject
Global
	GlobalSection(SolutionConfigurationPlatforms) = preSolution
		Debug|Any CPU = Debug|Any CPU
		Release|Any CPU = Release|Any CPU
	EndGlobalSection
	GlobalSection(ProjectConfigurationPlatforms) = postSolution
		{AEEE143A-42E4-44CA-A30F-943C8BF275B8}.Debug|Any CPU.ActiveCfg = Debug|Any CPU
		{AEEE143A-42E4-44CA-A30F-943C8BF275B8}.Debug|Any CPU.Build.0 = Debug|Any CPU
		{AEEE143A-42E4-44CA-A30F-943C8BF275B8}.Release|Any CPU.ActiveCfg = Release|Any CPU
		{AEEE143A-42E4-44CA-A30F-943C8BF275B8}.Release|Any CPU.Build.0 = Release|Any CPU
		{9AFEA63F-5E13-4023-B5E2-6495A31613A9}.Debug|Any CPU.ActiveCfg = Debug|Any CPU
		{9AFEA63F-5E13-4023-B5E2-6495A31613A9}.Debug|Any CPU.Build.0 = Debug|Any CPU
		{9AFEA63F-5E13-4023-B5E2-6495A31613A9}.Release|Any CPU.ActiveCfg = Release|Any CPU
		{9AFEA63F-5E13-4023-B5E2-6495A31613A9}.Release|Any CPU.Build.0 = Release|Any CPU
		{C125B4EE-D585-4C01-8ABA-606078B02E06}.Debug|Any CPU.ActiveCfg = Debug|Any CPU
		{C125B4EE-D585-4C01-8ABA-606078B02E06}.Debug|Any CPU.Build.0 = Debug|Any CPU
		{C125B4EE-D585-4C01-8ABA-606078B02E06}.Release|Any CPU.ActiveCfg = Release|Any CPU
		{C125B4EE-D585-4C01-8ABA-606078B02E06}.Release|Any CPU.Build.0 = Release|Any CPU
		{0F9A64AB-5183-4FEF-9B73-96570219A953}.Debug|Any CPU.ActiveCfg = Debug|Any CPU
		{0F9A64AB-5183-4FEF-9B73-96570219A953}.Debug|Any CPU.Build.0 = Debug|Any CPU
		{0F9A64AB-5183-4FEF-9B73-96570219A953}.Release|Any CPU.ActiveCfg = Release|Any CPU
		{0F9A64AB-5183-4FEF-9B73-96570219A953}.Release|Any CPU.Build.0 = Release|Any CPU
		{0261271B-C5A1-4A81-9CDC-A26DAAD92026}.Debug|Any CPU.ActiveCfg = Debug|Any CPU
		{0261271B-C5A1-4A81-9CDC-A26DAAD92026}.Debug|Any CPU.Build.0 = Debug|Any CPU
		{0261271B-C5A1-4A81-9CDC-A26DAAD92026}.Release|Any CPU.ActiveCfg = Release|Any CPU
		{0261271B-C5A1-4A81-9CDC-A26DAAD92026}.Release|Any CPU.Build.0 = Release|Any CPU
		{E3CC3411-DCDA-4F70-B4F1-8BA9527A7B80}.Debug|Any CPU.ActiveCfg = Debug|Any CPU
		{E3CC3411-DCDA-4F70-B4F1-8BA9527A7B80}.Debug|Any CPU.Build.0 = Debug|Any CPU
		{E3CC3411-DCDA-4F70-B4F1-8BA9527A7B80}.Release|Any CPU.ActiveCfg = Release|Any CPU
		{E3CC3411-DCDA-4F70-B4F1-8BA9527A7B80}.Release|Any CPU.Build.0 = Release|Any CPU
		{2710DC05-94A3-4F51-9861-ED18151D5179}.Debug|Any CPU.ActiveCfg = Debug|Any CPU
		{2710DC05-94A3-4F51-9861-ED18151D5179}.Debug|Any CPU.Build.0 = Debug|Any CPU
		{2710DC05-94A3-4F51-9861-ED18151D5179}.Release|Any CPU.ActiveCfg = Release|Any CPU
		{2710DC05-94A3-4F51-9861-ED18151D5179}.Release|Any CPU.Build.0 = Release|Any CPU
		{8F3DF4E8-893F-4A4A-B7AB-1A3B41B4F194}.Debug|Any CPU.ActiveCfg = Debug|Any CPU
		{8F3DF4E8-893F-4A4A-B7AB-1A3B41B4F194}.Debug|Any CPU.Build.0 = Debug|Any CPU
		{8F3DF4E8-893F-4A4A-B7AB-1A3B41B4F194}.Release|Any CPU.ActiveCfg = Release|Any CPU
		{8F3DF4E8-893F-4A4A-B7AB-1A3B41B4F194}.Release|Any CPU.Build.0 = Release|Any CPU
	EndGlobalSection
	GlobalSection(SolutionProperties) = preSolution
		HideSolutionNode = FALSE
	EndGlobalSection
	GlobalSection(NestedProjects) = preSolution
		{AEEE143A-42E4-44CA-A30F-943C8BF275B8} = {82DE37DF-F418-47AE-9C57-FE7D9D8C215B}
		{9AFEA63F-5E13-4023-B5E2-6495A31613A9} = {82DE37DF-F418-47AE-9C57-FE7D9D8C215B}
		{C125B4EE-D585-4C01-8ABA-606078B02E06} = {82DE37DF-F418-47AE-9C57-FE7D9D8C215B}
		{0F9A64AB-5183-4FEF-9B73-96570219A953} = {82DE37DF-F418-47AE-9C57-FE7D9D8C215B}
		{0261271B-C5A1-4A81-9CDC-A26DAAD92026} = {201B1003-8F8D-4694-A9FD-028C06E2922B}
		{E3CC3411-DCDA-4F70-B4F1-8BA9527A7B80} = {36065511-46BB-4D16-8C3F-BF6F0DD024C3}
		{2710DC05-94A3-4F51-9861-ED18151D5179} = {353BBB75-99C5-499B-8BCC-F562A5446AC5}
		{8F3DF4E8-893F-4A4A-B7AB-1A3B41B4F194} = {541275F1-BF3D-4BBD-85AB-D3B92E09275D}
	EndGlobalSection
	GlobalSection(ExtensibilityGlobals) = postSolution
		SolutionGuid = {BF83690C-863C-4E4C-85D9-64BADB7618DB}
	EndGlobalSection
EndGlobal
